
Microsoft Visual Studio Solution File, Format Version 12.00
# Visual Studio Version 17
VisualStudioVersion = 17.5.002.0
MinimumVisualStudioVersion = 10.0.40219.1
Project("{9A19103F-16F7-4668-BE54-9A1E7A4F7556}") = "ASP.NET_Core7_API_OAuth2_Resource", "ASP.NET_Core7_API_OAuth2_Resource.csproj", "{B0F7794C-50A0-4AC8-A73A-E3FF7F1C01FC}"
EndProject
Global
	GlobalSection(SolutionConfigurationPlatforms) = preSolution
		Debug|Any CPU = Debug|Any CPU
		Release|Any CPU = Release|Any CPU
	EndGlobalSection
	GlobalSection(ProjectConfigurationPlatforms) = postSolution
		{B0F7794C-50A0-4AC8-A73A-E3FF7F1C01FC}.Debug|Any CPU.ActiveCfg = Debug|Any CPU
		{B0F7794C-50A0-4AC8-A73A-E3FF7F1C01FC}.Debug|Any CPU.Build.0 = Debug|Any CPU
		{B0F7794C-50A0-4AC8-A73A-E3FF7F1C01FC}.Release|Any CPU.ActiveCfg = Release|Any CPU
		{B0F7794C-50A0-4AC8-A73A-E3FF7F1C01FC}.Release|Any CPU.Build.0 = Release|Any CPU
	EndGlobalSection
	GlobalSection(SolutionProperties) = preSolution
		HideSolutionNode = FALSE
	EndGlobalSection
	GlobalSection(ExtensibilityGlobals) = postSolution
		SolutionGuid = {1D8B4419-1D0B-401E-AD29-3A021E8609BE}
	EndGlobalSection
EndGlobal
